
Microsoft Visual Studio Solution File, Format Version 12.00
# Visual Studio Version 16
VisualStudioVersion = 16.0.31019.35
MinimumVisualStudioVersion = 10.0.40219.1
Project("{FAE04EC0-301F-11D3-BF4B-00C04F79EFBC}") = "ProjetoTecnológico", "ProjetoTecnológico\ProjetoTecnológico.csproj", "{CF43544E-A7CC-4808-A7FD-928C91B2B974}"
EndProject
Global
	GlobalSection(SolutionConfigurationPlatforms) = preSolution
		Debug|Any CPU = Debug|Any CPU
		Release|Any CPU = Release|Any CPU
	EndGlobalSection
	GlobalSection(ProjectConfigurationPlatforms) = postSolution
		{CF43544E-A7CC-4808-A7FD-928C91B2B974}.Debug|Any CPU.ActiveCfg = Debug|Any CPU
		{CF43544E-A7CC-4808-A7FD-928C91B2B974}.Debug|Any CPU.Build.0 = Debug|Any CPU
		{CF43544E-A7CC-4808-A7FD-928C91B2B974}.Release|Any CPU.ActiveCfg = Release|Any CPU
		{CF43544E-A7CC-4808-A7FD-928C91B2B974}.Release|Any CPU.Build.0 = Release|Any CPU
	EndGlobalSection
	GlobalSection(SolutionProperties) = preSolution
		HideSolutionNode = FALSE
	EndGlobalSection
	GlobalSection(ExtensibilityGlobals) = postSolution
		SolutionGuid = {7F1AC7BD-E04A-468B-AEA6-76027B1CB1EC}
	EndGlobalSection
EndGlobal
